uuid: 8cfb9800-f715-43bd-a93a-06de05e79375
langcode: en
status: true
dependencies:
  module:
    - block_field
    - paragraphs
id: paragraph.field_block
field_name: field_block
entity_type: paragraph
type: block_field
settings: {  }
module: block_field
locked: false
cardinality: 1
translatable: true
indexes: {  }
persist_with_no_fields: false
custom_storage: false
