uuid: 6342a93c-9c9b-4a1c-b38a-4a58e5f7fa19
langcode: en
status: true
dependencies:
  config:
    - field.storage.paragraph.field_block
    - paragraphs.paragraphs_type.insert_block
  module:
    - block_field
id: paragraph.insert_block.field_block
field_name: field_block
entity_type: paragraph
bundle: insert_block
label: Block
description: ''
required: false
translatable: false
default_value: {  }
default_value_callback: ''
settings:
  selection: blocks
  selection_settings:
    plugin_ids: {  }
field_type: block_field
